
Microsoft Visual Studio Solution File, Format Version 12.00
# Visual Studio Version 16
VisualStudioVersion = 16.0.33423.256
MinimumVisualStudioVersion = 10.0.40219.1
Project("{FAE04EC0-301F-11D3-BF4B-00C04F79EFBC}") = "Consolas", "Consolas\Consolas.csproj", "{0ED46979-0516-432E-BF4C-573D658FEB17}"
EndProject
Global
	GlobalSection(SolutionConfigurationPlatforms) = preSolution
		Debug|Any CPU = Debug|Any CPU
		Release|Any CPU = Release|Any CPU
	EndGlobalSection
	GlobalSection(ProjectConfigurationPlatforms) = postSolution
		{0ED46979-0516-432E-BF4C-573D658FEB17}.Debug|Any CPU.ActiveCfg = Debug|Any CPU
		{0ED46979-0516-432E-BF4C-573D658FEB17}.Debug|Any CPU.Build.0 = Debug|Any CPU
		{0ED46979-0516-432E-BF4C-573D658FEB17}.Release|Any CPU.ActiveCfg = Release|Any CPU
		{0ED46979-0516-432E-BF4C-573D658FEB17}.Release|Any CPU.Build.0 = Release|Any CPU
	EndGlobalSection
	GlobalSection(SolutionProperties) = preSolution
		HideSolutionNode = FALSE
	EndGlobalSection
	GlobalSection(ExtensibilityGlobals) = postSolution
		SolutionGuid = {76CCE396-3B0D-4871-AC4F-52951CCDE096}
	EndGlobalSection
EndGlobal
