
Microsoft Visual Studio Solution File, Format Version 12.00
# Visual Studio Version 16
VisualStudioVersion = 16.0.32602.291
MinimumVisualStudioVersion = 10.0.40219.1
Project("{FAE04EC0-301F-11D3-BF4B-00C04F79EFBC}") = "Ejercicios_operadores2", "Ejercicios_operadores2\Ejercicios_operadores2.csproj", "{A12ECD58-DB86-4862-93B2-B0C3688CAF8C}"
EndProject
Global
	GlobalSection(SolutionConfigurationPlatforms) = preSolution
		Debug|Any CPU = Debug|Any CPU
		Release|Any CPU = Release|Any CPU
	EndGlobalSection
	GlobalSection(ProjectConfigurationPlatforms) = postSolution
		{A12ECD58-DB86-4862-93B2-B0C3688CAF8C}.Debug|Any CPU.ActiveCfg = Debug|Any CPU
		{A12ECD58-DB86-4862-93B2-B0C3688CAF8C}.Debug|Any CPU.Build.0 = Debug|Any CPU
		{A12ECD58-DB86-4862-93B2-B0C3688CAF8C}.Release|Any CPU.ActiveCfg = Release|Any CPU
		{A12ECD58-DB86-4862-93B2-B0C3688CAF8C}.Release|Any CPU.Build.0 = Release|Any CPU
	EndGlobalSection
	GlobalSection(SolutionProperties) = preSolution
		HideSolutionNode = FALSE
	EndGlobalSection
	GlobalSection(ExtensibilityGlobals) = postSolution
		SolutionGuid = {7007A15A-AF61-44FF-9462-F345208C4A45}
	EndGlobalSection
EndGlobal
