
Microsoft Visual Studio Solution File, Format Version 12.00
# Visual Studio Version 16
VisualStudioVersion = 16.0.33328.57
MinimumVisualStudioVersion = 10.0.40219.1
Project("{FAE04EC0-301F-11D3-BF4B-00C04F79EFBC}") = "Ejercicios_loops", "Ejercicios_loops\Ejercicios_loops.csproj", "{348C9F17-532C-4D0F-82D9-F53C58AD2D5C}"
EndProject
Global
	GlobalSection(SolutionConfigurationPlatforms) = preSolution
		Debug|Any CPU = Debug|Any CPU
		Release|Any CPU = Release|Any CPU
	EndGlobalSection
	GlobalSection(ProjectConfigurationPlatforms) = postSolution
		{348C9F17-532C-4D0F-82D9-F53C58AD2D5C}.Debug|Any CPU.ActiveCfg = Debug|Any CPU
		{348C9F17-532C-4D0F-82D9-F53C58AD2D5C}.Debug|Any CPU.Build.0 = Debug|Any CPU
		{348C9F17-532C-4D0F-82D9-F53C58AD2D5C}.Release|Any CPU.ActiveCfg = Release|Any CPU
		{348C9F17-532C-4D0F-82D9-F53C58AD2D5C}.Release|Any CPU.Build.0 = Release|Any CPU
	EndGlobalSection
	GlobalSection(SolutionProperties) = preSolution
		HideSolutionNode = FALSE
	EndGlobalSection
	GlobalSection(ExtensibilityGlobals) = postSolution
		SolutionGuid = {E149A980-6596-4379-8ED0-8EAD31495716}
	EndGlobalSection
EndGlobal
