
Microsoft Visual Studio Solution File, Format Version 12.00
# Visual Studio Version 16
VisualStudioVersion = 16.0.33328.57
MinimumVisualStudioVersion = 10.0.40219.1
Project("{FAE04EC0-301F-11D3-BF4B-00C04F79EFBC}") = "Ejercicios_funciones5_sobrecarga", "Ejercicios_funciones5_sobrecarga\Ejercicios_funciones5_sobrecarga.csproj", "{FA41068F-5494-4B91-8923-06B3A8D956CC}"
EndProject
Global
	GlobalSection(SolutionConfigurationPlatforms) = preSolution
		Debug|Any CPU = Debug|Any CPU
		Release|Any CPU = Release|Any CPU
	EndGlobalSection
	GlobalSection(ProjectConfigurationPlatforms) = postSolution
		{FA41068F-5494-4B91-8923-06B3A8D956CC}.Debug|Any CPU.ActiveCfg = Debug|Any CPU
		{FA41068F-5494-4B91-8923-06B3A8D956CC}.Debug|Any CPU.Build.0 = Debug|Any CPU
		{FA41068F-5494-4B91-8923-06B3A8D956CC}.Release|Any CPU.ActiveCfg = Release|Any CPU
		{FA41068F-5494-4B91-8923-06B3A8D956CC}.Release|Any CPU.Build.0 = Release|Any CPU
	EndGlobalSection
	GlobalSection(SolutionProperties) = preSolution
		HideSolutionNode = FALSE
	EndGlobalSection
	GlobalSection(ExtensibilityGlobals) = postSolution
		SolutionGuid = {DC41408B-DF8F-4406-8347-CAA762244D1E}
	EndGlobalSection
EndGlobal
