
Microsoft Visual Studio Solution File, Format Version 12.00
# Visual Studio Version 16
VisualStudioVersion = 16.0.32602.291
MinimumVisualStudioVersion = 10.0.40219.1
Project("{FAE04EC0-301F-11D3-BF4B-00C04F79EFBC}") = "Ejercicios_input", "Ejercicios_input\Ejercicios_input.csproj", "{CF96645E-0603-4C91-9658-0C37F7671CF1}"
EndProject
Global
	GlobalSection(SolutionConfigurationPlatforms) = preSolution
		Debug|Any CPU = Debug|Any CPU
		Release|Any CPU = Release|Any CPU
	EndGlobalSection
	GlobalSection(ProjectConfigurationPlatforms) = postSolution
		{CF96645E-0603-4C91-9658-0C37F7671CF1}.Debug|Any CPU.ActiveCfg = Debug|Any CPU
		{CF96645E-0603-4C91-9658-0C37F7671CF1}.Debug|Any CPU.Build.0 = Debug|Any CPU
		{CF96645E-0603-4C91-9658-0C37F7671CF1}.Release|Any CPU.ActiveCfg = Release|Any CPU
		{CF96645E-0603-4C91-9658-0C37F7671CF1}.Release|Any CPU.Build.0 = Release|Any CPU
	EndGlobalSection
	GlobalSection(SolutionProperties) = preSolution
		HideSolutionNode = FALSE
	EndGlobalSection
	GlobalSection(ExtensibilityGlobals) = postSolution
		SolutionGuid = {75B33F15-771C-45B6-8260-2EB7F02D7621}
	EndGlobalSection
EndGlobal
