
Microsoft Visual Studio Solution File, Format Version 12.00
# Visual Studio Version 16
VisualStudioVersion = 16.0.33328.57
MinimumVisualStudioVersion = 10.0.40219.1
Project("{FAE04EC0-301F-11D3-BF4B-00C04F79EFBC}") = "Ejercicio_tabla_de_highscores", "Ejercicio_tabla_de_highscores\Ejercicio_tabla_de_highscores.csproj", "{D8369C05-E6ED-4648-BAFC-CD200FB2C7B4}"
EndProject
Global
	GlobalSection(SolutionConfigurationPlatforms) = preSolution
		Debug|Any CPU = Debug|Any CPU
		Release|Any CPU = Release|Any CPU
	EndGlobalSection
	GlobalSection(ProjectConfigurationPlatforms) = postSolution
		{D8369C05-E6ED-4648-BAFC-CD200FB2C7B4}.Debug|Any CPU.ActiveCfg = Debug|Any CPU
		{D8369C05-E6ED-4648-BAFC-CD200FB2C7B4}.Debug|Any CPU.Build.0 = Debug|Any CPU
		{D8369C05-E6ED-4648-BAFC-CD200FB2C7B4}.Release|Any CPU.ActiveCfg = Release|Any CPU
		{D8369C05-E6ED-4648-BAFC-CD200FB2C7B4}.Release|Any CPU.Build.0 = Release|Any CPU
	EndGlobalSection
	GlobalSection(SolutionProperties) = preSolution
		HideSolutionNode = FALSE
	EndGlobalSection
	GlobalSection(ExtensibilityGlobals) = postSolution
		SolutionGuid = {5C29C4CD-A96E-47D9-92BD-512151CFE1ED}
	EndGlobalSection
EndGlobal
