
Microsoft Visual Studio Solution File, Format Version 12.00
# Visual Studio Version 16
VisualStudioVersion = 16.0.33423.256
MinimumVisualStudioVersion = 10.0.40219.1
Project("{FAE04EC0-301F-11D3-BF4B-00C04F79EFBC}") = "Ejercicio_corredor", "Ejercicio_corredor\Ejercicio_corredor.csproj", "{4D04D0F4-5407-43A1-BB3C-4F59DA568772}"
EndProject
Global
	GlobalSection(SolutionConfigurationPlatforms) = preSolution
		Debug|Any CPU = Debug|Any CPU
		Release|Any CPU = Release|Any CPU
	EndGlobalSection
	GlobalSection(ProjectConfigurationPlatforms) = postSolution
		{4D04D0F4-5407-43A1-BB3C-4F59DA568772}.Debug|Any CPU.ActiveCfg = Debug|Any CPU
		{4D04D0F4-5407-43A1-BB3C-4F59DA568772}.Debug|Any CPU.Build.0 = Debug|Any CPU
		{4D04D0F4-5407-43A1-BB3C-4F59DA568772}.Release|Any CPU.ActiveCfg = Release|Any CPU
		{4D04D0F4-5407-43A1-BB3C-4F59DA568772}.Release|Any CPU.Build.0 = Release|Any CPU
	EndGlobalSection
	GlobalSection(SolutionProperties) = preSolution
		HideSolutionNode = FALSE
	EndGlobalSection
	GlobalSection(ExtensibilityGlobals) = postSolution
		SolutionGuid = {78DA6D9C-A235-46F6-A8C4-3C99ED08F3EE}
	EndGlobalSection
EndGlobal
