
Microsoft Visual Studio Solution File, Format Version 12.00
# Visual Studio Version 16
VisualStudioVersion = 16.0.33328.57
MinimumVisualStudioVersion = 10.0.40219.1
Project("{FAE04EC0-301F-11D3-BF4B-00C04F79EFBC}") = "Ejercicios_funciones3_retorno2", "Ejercicios_funciones3_retorno2\Ejercicios_funciones3_retorno2.csproj", "{BAC0391D-0394-462E-B46D-5AE878356E01}"
EndProject
Global
	GlobalSection(SolutionConfigurationPlatforms) = preSolution
		Debug|Any CPU = Debug|Any CPU
		Release|Any CPU = Release|Any CPU
	EndGlobalSection
	GlobalSection(ProjectConfigurationPlatforms) = postSolution
		{BAC0391D-0394-462E-B46D-5AE878356E01}.Debug|Any CPU.ActiveCfg = Debug|Any CPU
		{BAC0391D-0394-462E-B46D-5AE878356E01}.Debug|Any CPU.Build.0 = Debug|Any CPU
		{BAC0391D-0394-462E-B46D-5AE878356E01}.Release|Any CPU.ActiveCfg = Release|Any CPU
		{BAC0391D-0394-462E-B46D-5AE878356E01}.Release|Any CPU.Build.0 = Release|Any CPU
	EndGlobalSection
	GlobalSection(SolutionProperties) = preSolution
		HideSolutionNode = FALSE
	EndGlobalSection
	GlobalSection(ExtensibilityGlobals) = postSolution
		SolutionGuid = {76ECB6B4-C3F7-49E4-9C45-DB604304A8F8}
	EndGlobalSection
EndGlobal
