
Microsoft Visual Studio Solution File, Format Version 12.00
# Visual Studio Version 16
VisualStudioVersion = 16.0.33423.256
MinimumVisualStudioVersion = 10.0.40219.1
Project("{FAE04EC0-301F-11D3-BF4B-00C04F79EFBC}") = "Inclusion_de_libreria", "Inclusion_de_libreria\Inclusion_de_libreria.csproj", "{4CD7150C-19B7-452B-BB6B-71D3B712298D}"
EndProject
Global
	GlobalSection(SolutionConfigurationPlatforms) = preSolution
		Debug|Any CPU = Debug|Any CPU
		Release|Any CPU = Release|Any CPU
	EndGlobalSection
	GlobalSection(ProjectConfigurationPlatforms) = postSolution
		{4CD7150C-19B7-452B-BB6B-71D3B712298D}.Debug|Any CPU.ActiveCfg = Debug|Any CPU
		{4CD7150C-19B7-452B-BB6B-71D3B712298D}.Debug|Any CPU.Build.0 = Debug|Any CPU
		{4CD7150C-19B7-452B-BB6B-71D3B712298D}.Release|Any CPU.ActiveCfg = Release|Any CPU
		{4CD7150C-19B7-452B-BB6B-71D3B712298D}.Release|Any CPU.Build.0 = Release|Any CPU
	EndGlobalSection
	GlobalSection(SolutionProperties) = preSolution
		HideSolutionNode = FALSE
	EndGlobalSection
	GlobalSection(ExtensibilityGlobals) = postSolution
		SolutionGuid = {F40E9235-5597-45C9-9268-1291921F317D}
	EndGlobalSection
EndGlobal
