
Microsoft Visual Studio Solution File, Format Version 12.00
# Visual Studio Version 16
VisualStudioVersion = 16.0.33328.57
MinimumVisualStudioVersion = 10.0.40219.1
Project("{FAE04EC0-301F-11D3-BF4B-00C04F79EFBC}") = "Ejercicio_piedra_papel_tijera", "Ejercicio_piedra_papel_tijera\Ejercicio_piedra_papel_tijera.csproj", "{58E2DB9F-437D-4602-A7C0-5914AEC1A21A}"
EndProject
Global
	GlobalSection(SolutionConfigurationPlatforms) = preSolution
		Debug|Any CPU = Debug|Any CPU
		Release|Any CPU = Release|Any CPU
	EndGlobalSection
	GlobalSection(ProjectConfigurationPlatforms) = postSolution
		{58E2DB9F-437D-4602-A7C0-5914AEC1A21A}.Debug|Any CPU.ActiveCfg = Debug|Any CPU
		{58E2DB9F-437D-4602-A7C0-5914AEC1A21A}.Debug|Any CPU.Build.0 = Debug|Any CPU
		{58E2DB9F-437D-4602-A7C0-5914AEC1A21A}.Release|Any CPU.ActiveCfg = Release|Any CPU
		{58E2DB9F-437D-4602-A7C0-5914AEC1A21A}.Release|Any CPU.Build.0 = Release|Any CPU
	EndGlobalSection
	GlobalSection(SolutionProperties) = preSolution
		HideSolutionNode = FALSE
	EndGlobalSection
	GlobalSection(ExtensibilityGlobals) = postSolution
		SolutionGuid = {81147AF5-A47E-4A7E-8458-3718BF93F008}
	EndGlobalSection
EndGlobal
