
Microsoft Visual Studio Solution File, Format Version 12.00
# Visual Studio Version 16
VisualStudioVersion = 16.0.32602.291
MinimumVisualStudioVersion = 10.0.40219.1
Project("{FAE04EC0-301F-11D3-BF4B-00C04F79EFBC}") = "Ejercicios_condicionales2", "Ejercicios_condicionales2\Ejercicios_condicionales2.csproj", "{A589A68F-BADA-4FF5-BE18-97D3EA106D37}"
EndProject
Global
	GlobalSection(SolutionConfigurationPlatforms) = preSolution
		Debug|Any CPU = Debug|Any CPU
		Release|Any CPU = Release|Any CPU
	EndGlobalSection
	GlobalSection(ProjectConfigurationPlatforms) = postSolution
		{A589A68F-BADA-4FF5-BE18-97D3EA106D37}.Debug|Any CPU.ActiveCfg = Debug|Any CPU
		{A589A68F-BADA-4FF5-BE18-97D3EA106D37}.Debug|Any CPU.Build.0 = Debug|Any CPU
		{A589A68F-BADA-4FF5-BE18-97D3EA106D37}.Release|Any CPU.ActiveCfg = Release|Any CPU
		{A589A68F-BADA-4FF5-BE18-97D3EA106D37}.Release|Any CPU.Build.0 = Release|Any CPU
	EndGlobalSection
	GlobalSection(SolutionProperties) = preSolution
		HideSolutionNode = FALSE
	EndGlobalSection
	GlobalSection(ExtensibilityGlobals) = postSolution
		SolutionGuid = {60581FBF-68D1-442F-BAC8-7AA79C42B0E7}
	EndGlobalSection
EndGlobal
